// !$*UTF8*$!
{
	archiveVersion = 1;
	classes = {
	};
	objectVersion = 56;
	objects = {

/* Begin PBXBuildFile section */
		5407C38E29DD5FE90025A449 /* iDresserApp.swift in Sources */ = {isa = PBXBuildFile; fileRef = 5407C38D29DD5FE90025A449 /* iDresserApp.swift */; };
		5407C39529DD5FE90025A449 /* Preview Assets.xcassets in Resources */ = {isa = PBXBuildFile; fileRef = 5407C39429DD5FE90025A449 /* Preview Assets.xcassets */; };
		5407C3AC29DD607A0025A449 /* GlobalEnvironment.swift in Sources */ = {isa = PBXBuildFile; fileRef = 5407C39B29DD60790025A449 /* GlobalEnvironment.swift */; };
		5407C3AE29DD607A0025A449 /* ContentView.swift in Sources */ = {isa = PBXBuildFile; fileRef = 5407C39D29DD60790025A449 /* ContentView.swift */; };
		5407C3AF29DD607A0025A449 /* ClothTypeView.swift in Sources */ = {isa = PBXBuildFile; fileRef = 5407C39E29DD60790025A449 /* ClothTypeView.swift */; };
		5407C3B029DD607A0025A449 /* ImagePicker.swift in Sources */ = {isa = PBXBuildFile; fileRef = 5407C39F29DD60790025A449 /* ImagePicker.swift */; };
		5407C3B129DD607A0025A449 /* Cloth+CoreDataClass.swift in Sources */ = {isa = PBXBuildFile; fileRef = 5407C3A029DD60790025A449 /* Cloth+CoreDataClass.swift */; };
		5407C3B229DD607A0025A449 /* Cloth+CoreDataProperties.swift in Sources */ = {isa = PBXBuildFile; fileRef = 5407C3A129DD60790025A449 /* Cloth+CoreDataProperties.swift */; };
		5407C3B329DD607A0025A449 /* AddClothView.swift in Sources */ = {isa = PBXBuildFile; fileRef = 5407C3A229DD60790025A449 /* AddClothView.swift */; };
		5407C3B429DD607A0025A449 /* EditClothView.swift in Sources */ = {isa = PBXBuildFile; fileRef = 5407C3A329DD60790025A449 /* EditClothView.swift */; };
		5407C3B529DD607A0025A449 /* InCategoryView.swift in Sources */ = {isa = PBXBuildFile; fileRef = 5407C3A429DD60790025A449 /* InCategoryView.swift */; };
		5407C3B629DD607A0025A449 /* CategoryRow.swift in Sources */ = {isa = PBXBuildFile; fileRef = 5407C3A529DD60790025A449 /* CategoryRow.swift */; };
		5407C3B729DD607A0025A449 /* VisionClassifier.swift in Sources */ = {isa = PBXBuildFile; fileRef = 5407C3A629DD60790025A449 /* VisionClassifier.swift */; };
		5407C3B829DD607A0025A449 /* SearchBar.swift in Sources */ = {isa = PBXBuildFile; fileRef = 5407C3A729DD60790025A449 /* SearchBar.swift */; };
		5407C3BA29DD607A0025A449 /* EachCloth.swift in Sources */ = {isa = PBXBuildFile; fileRef = 5407C3A929DD60790025A449 /* EachCloth.swift */; };
		5407C3BB29DD607A0025A449 /* iDresser.xcdatamodeld in Sources */ = {isa = PBXBuildFile; fileRef = 5407C3AA29DD607A0025A449 /* iDresser.xcdatamodeld */; };
		5407C3BD29DD61F10025A449 /* PersistentController.swift in Sources */ = {isa = PBXBuildFile; fileRef = 5407C3BC29DD61F10025A449 /* PersistentController.swift */; };
		542CDF6C29DF1B1B00A55B6B /* ClothingClassifier.mlmodel in Sources */ = {isa = PBXBuildFile; fileRef = 542CDF6B29DF1B1B00A55B6B /* ClothingClassifier.mlmodel */; };
		542CDF7129DF2D4500A55B6B /* ColorClassifier.mlmodel in Sources */ = {isa = PBXBuildFile; fileRef = 542CDF7029DF2D4500A55B6B /* ColorClassifier.mlmodel */; };
		542CDF7329DF374300A55B6B /* ClothUtility.swift in Sources */ = {isa = PBXBuildFile; fileRef = 542CDF7229DF374300A55B6B /* ClothUtility.swift */; };
		542CDF7629DF391D00A55B6B /* ClothImageSection.swift in Sources */ = {isa = PBXBuildFile; fileRef = 542CDF7529DF391D00A55B6B /* ClothImageSection.swift */; };
		542CDF7A29DF397400A55B6B /* ClothSaveSection.swift in Sources */ = {isa = PBXBuildFile; fileRef = 542CDF7929DF397400A55B6B /* ClothSaveSection.swift */; };
		542CDF7C29DF3A1300A55B6B /* ClothPropertiesSection.swift in Sources */ = {isa = PBXBuildFile; fileRef = 542CDF7B29DF3A1300A55B6B /* ClothPropertiesSection.swift */; };
		546A9DEF2A00106C00B2D9E4 /* ModelTrainer.swift in Sources */ = {isa = PBXBuildFile; fileRef = 546A9DEE2A00106C00B2D9E4 /* ModelTrainer.swift */; };
		546A9DF12A00144B00B2D9E4 /* outfits 2.json in Resources */ = {isa = PBXBuildFile; fileRef = 546A9DF02A00144B00B2D9E4 /* outfits 2.json */; };
		546A9DF42A00155900B2D9E4 /* outfits.json in Resources */ = {isa = PBXBuildFile; fileRef = 546A9DF32A00155900B2D9E4 /* outfits.json */; };
		546A9DF72A01513700B2D9E4 /* NotificationManager.swift in Sources */ = {isa = PBXBuildFile; fileRef = 546A9DF62A01513700B2D9E4 /* NotificationManager.swift */; };
		5491EEB829E04CAA00BBAC75 /* ClothingRecommender.swift in Sources */ = {isa = PBXBuildFile; fileRef = 5491EEB729E04CAA00BBAC75 /* ClothingRecommender.swift */; };
		54CA848D29E03DCD0006F2A9 /* WeatherForecast.swift in Sources */ = {isa = PBXBuildFile; fileRef = 54CA848C29E03DCD0006F2A9 /* WeatherForecast.swift */; };
		54CA849029E03FA50006F2A9 /* LocationManager.swift in Sources */ = {isa = PBXBuildFile; fileRef = 54CA848F29E03FA50006F2A9 /* LocationManager.swift */; };
		54CA849329E042FF0006F2A9 /* NetworkService.swift in Sources */ = {isa = PBXBuildFile; fileRef = 54CA849229E042FF0006F2A9 /* NetworkService.swift */; };
		54E6FBE829FA86FF004E95F3 /* OutfitRecommenderView.swift in Sources */ = {isa = PBXBuildFile; fileRef = 54E6FBE729FA86FF004E95F3 /* OutfitRecommenderView.swift */; };
		54E6FBEA29FAD327004E95F3 /* OutfitRecommender.mlmodel in Sources */ = {isa = PBXBuildFile; fileRef = 54E6FBE929FAD327004E95F3 /* OutfitRecommender.mlmodel */; };
		54E6FBEC29FBB99D004E95F3 /* OutfitHistoryView.swift in Sources */ = {isa = PBXBuildFile; fileRef = 54E6FBEB29FBB99D004E95F3 /* OutfitHistoryView.swift */; };
		54E6FBEF29FBBC4D004E95F3 /* Outfit+CoreDataClass.swift in Sources */ = {isa = PBXBuildFile; fileRef = 54E6FBED29FBBC4D004E95F3 /* Outfit+CoreDataClass.swift */; };
		54E6FBF029FBBC4D004E95F3 /* Outfit+CoreDataProperties.swift in Sources */ = {isa = PBXBuildFile; fileRef = 54E6FBEE29FBBC4D004E95F3 /* Outfit+CoreDataProperties.swift */; };
		54E6FBF229FBBD80004E95F3 /* OutfitManager.swift in Sources */ = {isa = PBXBuildFile; fileRef = 54E6FBF129FBBD80004E95F3 /* OutfitManager.swift */; };
		54E6FBF429FBBFAC004E95F3 /* OutfitView.swift in Sources */ = {isa = PBXBuildFile; fileRef = 54E6FBF329FBBFAC004E95F3 /* OutfitView.swift */; };
		54E6FBF629FBD338004E95F3 /* WardrobeView.swift in Sources */ = {isa = PBXBuildFile; fileRef = 54E6FBF529FBD338004E95F3 /* WardrobeView.swift */; };
		54E6FBF829FC5097004E95F3 /* Launch Screen.storyboard in Resources */ = {isa = PBXBuildFile; fileRef = 54E6FBF729FC5097004E95F3 /* Launch Screen.storyboard */; };
		54E6FBFA29FC528F004E95F3 /* Assets.xcassets in Resources */ = {isa = PBXBuildFile; fileRef = 54E6FBF929FC528F004E95F3 /* Assets.xcassets */; };
/* End PBXBuildFile section */

/* Begin PBXFileReference section */
		5407C38A29DD5FE90025A449 /* iDresser.app */ = {isa = PBXFileReference; explicitFileType = wrapper.application; includeInIndex = 0; path = iDresser.app; sourceTree = BUILT_PRODUCTS_DIR; };
		5407C38D29DD5FE90025A449 /* iDresserApp.swift */ = {isa = PBXFileReference; lastKnownFileType = sourcecode.swift; path = iDresserApp.swift; sourceTree = "<group>"; };
		5407C39429DD5FE90025A449 /* Preview Assets.xcassets */ = {isa = PBXFileReference; lastKnownFileType = folder.assetcatalog; path = "Preview Assets.xcassets"; sourceTree = "<group>"; };
		5407C39B29DD60790025A449 /* GlobalEnvironment.swift */ = {isa = PBXFileReference; fileEncoding = 4; lastKnownFileType = sourcecode.swift; path = GlobalEnvironment.swift; sourceTree = "<group>"; };
		5407C39D29DD60790025A449 /* ContentView.swift */ = {isa = PBXFileReference; fileEncoding = 4; lastKnownFileType = sourcecode.swift; path = ContentView.swift; sourceTree = "<group>"; };
		5407C39E29DD60790025A449 /* ClothTypeView.swift */ = {isa = PBXFileReference; fileEncoding = 4; lastKnownFileType = sourcecode.swift; path = ClothTypeView.swift; sourceTree = "<group>"; };
		5407C39F29DD60790025A449 /* ImagePicker.swift */ = {isa = PBXFileReference; fileEncoding = 4; lastKnownFileType = sourcecode.swift; path = ImagePicker.swift; sourceTree = "<group>"; };
		5407C3A029DD60790025A449 /* Cloth+CoreDataClass.swift */ = {isa = PBXFileReference; fileEncoding = 4; lastKnownFileType = sourcecode.swift; path = "Cloth+CoreDataClass.swift"; sourceTree = "<group>"; };
		5407C3A129DD60790025A449 /* Cloth+CoreDataProperties.swift */ = {isa = PBXFileReference; fileEncoding = 4; lastKnownFileType = sourcecode.swift; path = "Cloth+CoreDataProperties.swift"; sourceTree = "<group>"; };
		5407C3A229DD60790025A449 /* AddClothView.swift */ = {isa = PBXFileReference; fileEncoding = 4; lastKnownFileType = sourcecode.swift; path = AddClothView.swift; sourceTree = "<group>"; };
		5407C3A329DD60790025A449 /* EditClothView.swift */ = {isa = PBXFileReference; fileEncoding = 4; lastKnownFileType = sourcecode.swift; path = EditClothView.swift; sourceTree = "<group>"; };
		5407C3A429DD60790025A449 /* InCategoryView.swift */ = {isa = PBXFileReference; fileEncoding = 4; lastKnownFileType = sourcecode.swift; path = InCategoryView.swift; sourceTree = "<group>"; };
		5407C3A529DD60790025A449 /* CategoryRow.swift */ = {isa = PBXFileReference; fileEncoding = 4; lastKnownFileType = sourcecode.swift; path = CategoryRow.swift; sourceTree = "<group>"; };
		5407C3A629DD60790025A449 /* VisionClassifier.swift */ = {isa = PBXFileReference; fileEncoding = 4; lastKnownFileType = sourcecode.swift; path = VisionClassifier.swift; sourceTree = "<group>"; };
		5407C3A729DD60790025A449 /* SearchBar.swift */ = {isa = PBXFileReference; fileEncoding = 4; lastKnownFileType = sourcecode.swift; path = SearchBar.swift; sourceTree = "<group>"; };
		5407C3A929DD60790025A449 /* EachCloth.swift */ = {isa = PBXFileReference; fileEncoding = 4; lastKnownFileType = sourcecode.swift; path = EachCloth.swift; sourceTree = "<group>"; };
		5407C3AB29DD607A0025A449 /* iDresser.xcdatamodel */ = {isa = PBXFileReference; lastKnownFileType = wrapper.xcdatamodel; path = iDresser.xcdatamodel; sourceTree = "<group>"; };
		5407C3BC29DD61F10025A449 /* PersistentController.swift */ = {isa = PBXFileReference; lastKnownFileType = sourcecode.swift; path = PersistentController.swift; sourceTree = "<group>"; };
		542CDF6B29DF1B1B00A55B6B /* ClothingClassifier.mlmodel */ = {isa = PBXFileReference; lastKnownFileType = file.mlmodel; path = ClothingClassifier.mlmodel; sourceTree = "<group>"; };
		542CDF7029DF2D4500A55B6B /* ColorClassifier.mlmodel */ = {isa = PBXFileReference; lastKnownFileType = file.mlmodel; path = ColorClassifier.mlmodel; sourceTree = "<group>"; };
		542CDF7229DF374300A55B6B /* ClothUtility.swift */ = {isa = PBXFileReference; lastKnownFileType = sourcecode.swift; path = ClothUtility.swift; sourceTree = "<group>"; };
		542CDF7529DF391D00A55B6B /* ClothImageSection.swift */ = {isa = PBXFileReference; lastKnownFileType = sourcecode.swift; path = ClothImageSection.swift; sourceTree = "<group>"; };
		542CDF7929DF397400A55B6B /* ClothSaveSection.swift */ = {isa = PBXFileReference; lastKnownFileType = sourcecode.swift; path = ClothSaveSection.swift; sourceTree = "<group>"; };
		542CDF7B29DF3A1300A55B6B /* ClothPropertiesSection.swift */ = {isa = PBXFileReference; lastKnownFileType = sourcecode.swift; path = ClothPropertiesSection.swift; sourceTree = "<group>"; };
		546A9DEE2A00106C00B2D9E4 /* ModelTrainer.swift */ = {isa = PBXFileReference; lastKnownFileType = sourcecode.swift; path = ModelTrainer.swift; sourceTree = "<group>"; };
		546A9DF02A00144B00B2D9E4 /* outfits 2.json */ = {isa = PBXFileReference; fileEncoding = 4; lastKnownFileType = text.json; name = "outfits 2.json"; path = "../../../../.Trash/outfits 2.json"; sourceTree = "<group>"; };
		546A9DF32A00155900B2D9E4 /* outfits.json */ = {isa = PBXFileReference; fileEncoding = 4; lastKnownFileType = text.json; path = outfits.json; sourceTree = "<group>"; };
		546A9DF62A01513700B2D9E4 /* NotificationManager.swift */ = {isa = PBXFileReference; fileEncoding = 4; lastKnownFileType = sourcecode.swift; name = NotificationManager.swift; path = ../../../../AdBlock/AdBlock/NotificationManager/NotificationManager.swift; sourceTree = "<group>"; };
		5491EEB729E04CAA00BBAC75 /* ClothingRecommender.swift */ = {isa = PBXFileReference; lastKnownFileType = sourcecode.swift; path = ClothingRecommender.swift; sourceTree = "<group>"; };
		54CA848C29E03DCD0006F2A9 /* WeatherForecast.swift */ = {isa = PBXFileReference; fileEncoding = 4; lastKnownFileType = sourcecode.swift; path = WeatherForecast.swift; sourceTree = "<group>"; };
		54CA848F29E03FA50006F2A9 /* LocationManager.swift */ = {isa = PBXFileReference; lastKnownFileType = sourcecode.swift; path = LocationManager.swift; sourceTree = "<group>"; };
		54CA849229E042FF0006F2A9 /* NetworkService.swift */ = {isa = PBXFileReference; lastKnownFileType = sourcecode.swift; path = NetworkService.swift; sourceTree = "<group>"; };
		54E6FBE729FA86FF004E95F3 /* OutfitRecommenderView.swift */ = {isa = PBXFileReference; lastKnownFileType = sourcecode.swift; path = OutfitRecommenderView.swift; sourceTree = "<group>"; };
		54E6FBE929FAD327004E95F3 /* OutfitRecommender.mlmodel */ = {isa = PBXFileReference; lastKnownFileType = file.mlmodel; name = OutfitRecommender.mlmodel; path = ../../../../../Desktop/OutfitRecommender.mlmodel; sourceTree = "<group>"; };
		54E6FBEB29FBB99D004E95F3 /* OutfitHistoryView.swift */ = {isa = PBXFileReference; lastKnownFileType = sourcecode.swift; path = OutfitHistoryView.swift; sourceTree = "<group>"; };
		54E6FBED29FBBC4D004E95F3 /* Outfit+CoreDataClass.swift */ = {isa = PBXFileReference; lastKnownFileType = sourcecode.swift; path = "Outfit+CoreDataClass.swift"; sourceTree = "<group>"; };
		54E6FBEE29FBBC4D004E95F3 /* Outfit+CoreDataProperties.swift */ = {isa = PBXFileReference; lastKnownFileType = sourcecode.swift; path = "Outfit+CoreDataProperties.swift"; sourceTree = "<group>"; };
		54E6FBF129FBBD80004E95F3 /* OutfitManager.swift */ = {isa = PBXFileReference; lastKnownFileType = sourcecode.swift; path = OutfitManager.swift; sourceTree = "<group>"; };
		54E6FBF329FBBFAC004E95F3 /* OutfitView.swift */ = {isa = PBXFileReference; lastKnownFileType = sourcecode.swift; path = OutfitView.swift; sourceTree = "<group>"; };
		54E6FBF529FBD338004E95F3 /* WardrobeView.swift */ = {isa = PBXFileReference; lastKnownFileType = sourcecode.swift; path = WardrobeView.swift; sourceTree = "<group>"; };
		54E6FBF729FC5097004E95F3 /* Launch Screen.storyboard */ = {isa = PBXFileReference; lastKnownFileType = file.storyboard; path = "Launch Screen.storyboard"; sourceTree = "<group>"; };
		54E6FBF929FC528F004E95F3 /* Assets.xcassets */ = {isa = PBXFileReference; lastKnownFileType = folder.assetcatalog; name = Assets.xcassets; path = ../../../../Downloads/AppIcons/Assets.xcassets; sourceTree = "<group>"; };
/* End PBXFileReference section */

/* Begin PBXFrameworksBuildPhase section */
		5407C38729DD5FE90025A449 /* Frameworks */ = {
			isa = PBXFrameworksBuildPhase;
			buildActionMask = 2147483647;
			files = (
			);
			runOnlyForDeploymentPostprocessing = 0;
		};
/* End PBXFrameworksBuildPhase section */

/* Begin PBXGroup section */
		5407C38129DD5FE90025A449 = {
			isa = PBXGroup;
			children = (
				5407C38C29DD5FE90025A449 /* iDresser */,
				5407C38B29DD5FE90025A449 /* Products */,
			);
			sourceTree = "<group>";
		};
		5407C38B29DD5FE90025A449 /* Products */ = {
			isa = PBXGroup;
			children = (
				5407C38A29DD5FE90025A449 /* iDresser.app */,
			);
			name = Products;
			sourceTree = "<group>";
		};
		5407C38C29DD5FE90025A449 /* iDresser */ = {
			isa = PBXGroup;
			children = (
				546A9DF52A01512300B2D9E4 /* NotificationManager */,
				546A9DF02A00144B00B2D9E4 /* outfits 2.json */,
				54CA848E29E03F850006F2A9 /* LocationManager */,
				54CA848B29E03DA30006F2A9 /* WeatherProcessing */,
				54CA848129E03BB80006F2A9 /* OutfitRecommendation */,
				542CDF6D29DF2ABA00A55B6B /* ColorClassification */,
				5436B63D29DDC65B0092DC18 /* ClothClassification */,
				5436B63C29DDC5FC0092DC18 /* Views */,
				5436B63B29DDC5E30092DC18 /* CoreData */,
				5407C38D29DD5FE90025A449 /* iDresserApp.swift */,
				5407C39F29DD60790025A449 /* ImagePicker.swift */,
				54E6FBF929FC528F004E95F3 /* Assets.xcassets */,
				5407C39329DD5FE90025A449 /* Preview Content */,
				54E6FBF729FC5097004E95F3 /* Launch Screen.storyboard */,
			);
			path = iDresser;
			sourceTree = "<group>";
		};
		5407C39329DD5FE90025A449 /* Preview Content */ = {
			isa = PBXGroup;
			children = (
				5407C39429DD5FE90025A449 /* Preview Assets.xcassets */,
			);
			path = "Preview Content";
			sourceTree = "<group>";
		};
		542CDF6D29DF2ABA00A55B6B /* ColorClassification */ = {
			isa = PBXGroup;
			children = (
				542CDF7029DF2D4500A55B6B /* ColorClassifier.mlmodel */,
			);
			path = ColorClassification;
			sourceTree = "<group>";
		};
		542CDF7429DF390900A55B6B /* Cloth */ = {
			isa = PBXGroup;
			children = (
				5407C39B29DD60790025A449 /* GlobalEnvironment.swift */,
				542CDF7529DF391D00A55B6B /* ClothImageSection.swift */,
				542CDF7B29DF3A1300A55B6B /* ClothPropertiesSection.swift */,
				542CDF7929DF397400A55B6B /* ClothSaveSection.swift */,
				542CDF7229DF374300A55B6B /* ClothUtility.swift */,
			);
			path = Cloth;
			sourceTree = "<group>";
		};
		5436B63B29DDC5E30092DC18 /* CoreData */ = {
			isa = PBXGroup;
			children = (
				54E6FBED29FBBC4D004E95F3 /* Outfit+CoreDataClass.swift */,
				54E6FBEE29FBBC4D004E95F3 /* Outfit+CoreDataProperties.swift */,
				5407C3A929DD60790025A449 /* EachCloth.swift */,
				5407C3BC29DD61F10025A449 /* PersistentController.swift */,
				5407C3A129DD60790025A449 /* Cloth+CoreDataProperties.swift */,
				5407C3A029DD60790025A449 /* Cloth+CoreDataClass.swift */,
				5407C3AA29DD607A0025A449 /* iDresser.xcdatamodeld */,
			);
			path = CoreData;
			sourceTree = "<group>";
		};
		5436B63C29DDC5FC0092DC18 /* Views */ = {
			isa = PBXGroup;
			children = (
				54E6FBE429FA86CF004E95F3 /* OutfitRecommendation */,
				542CDF7429DF390900A55B6B /* Cloth */,
				5407C3A529DD60790025A449 /* CategoryRow.swift */,
				5407C39D29DD60790025A449 /* ContentView.swift */,
				5407C3A729DD60790025A449 /* SearchBar.swift */,
				5407C3A229DD60790025A449 /* AddClothView.swift */,
				5407C3A329DD60790025A449 /* EditClothView.swift */,
				5407C3A429DD60790025A449 /* InCategoryView.swift */,
				5407C39E29DD60790025A449 /* ClothTypeView.swift */,
				54E6FBF529FBD338004E95F3 /* WardrobeView.swift */,
			);
			path = Views;
			sourceTree = "<group>";
		};
		5436B63D29DDC65B0092DC18 /* ClothClassification */ = {
			isa = PBXGroup;
			children = (
				542CDF6B29DF1B1B00A55B6B /* ClothingClassifier.mlmodel */,
				5407C3A629DD60790025A449 /* VisionClassifier.swift */,
			);
			path = ClothClassification;
			sourceTree = "<group>";
		};
		546A9DF52A01512300B2D9E4 /* NotificationManager */ = {
			isa = PBXGroup;
			children = (
				546A9DF62A01513700B2D9E4 /* NotificationManager.swift */,
			);
			path = NotificationManager;
			sourceTree = "<group>";
		};
		54CA848129E03BB80006F2A9 /* OutfitRecommendation */ = {
			isa = PBXGroup;
			children = (
				546A9DF32A00155900B2D9E4 /* outfits.json */,
				54E6FBE929FAD327004E95F3 /* OutfitRecommender.mlmodel */,
				5491EEB729E04CAA00BBAC75 /* ClothingRecommender.swift */,
				546A9DEE2A00106C00B2D9E4 /* ModelTrainer.swift */,
			);
			path = OutfitRecommendation;
			sourceTree = "<group>";
		};
		54CA848B29E03DA30006F2A9 /* WeatherProcessing */ = {
			isa = PBXGroup;
			children = (
				54CA848C29E03DCD0006F2A9 /* WeatherForecast.swift */,
				54CA849229E042FF0006F2A9 /* NetworkService.swift */,
			);
			path = WeatherProcessing;
			sourceTree = "<group>";
		};
		54CA848E29E03F850006F2A9 /* LocationManager */ = {
			isa = PBXGroup;
			children = (
				54CA848F29E03FA50006F2A9 /* LocationManager.swift */,
			);
			path = LocationManager;
			sourceTree = "<group>";
		};
		54E6FBE429FA86CF004E95F3 /* OutfitRecommendation */ = {
			isa = PBXGroup;
			children = (
				54E6FBE729FA86FF004E95F3 /* OutfitRecommenderView.swift */,
				54E6FBEB29FBB99D004E95F3 /* OutfitHistoryView.swift */,
				54E6FBF129FBBD80004E95F3 /* OutfitManager.swift */,
				54E6FBF329FBBFAC004E95F3 /* OutfitView.swift */,
			);
			path = OutfitRecommendation;
			sourceTree = "<group>";
		};
/* End PBXGroup section */

/* Begin PBXNativeTarget section */
		5407C38929DD5FE90025A449 /* iDresser */ = {
			isa = PBXNativeTarget;
			buildConfigurationList = 5407C39829DD5FE90025A449 /* Build configuration list for PBXNativeTarget "iDresser" */;
			buildPhases = (
				5407C38629DD5FE90025A449 /* Sources */,
				5407C38729DD5FE90025A449 /* Frameworks */,
				5407C38829DD5FE90025A449 /* Resources */,
			);
			buildRules = (
			);
			dependencies = (
			);
			name = iDresser;
			productName = iDresser;
			productReference = 5407C38A29DD5FE90025A449 /* iDresser.app */;
			productType = "com.apple.product-type.application";
		};
/* End PBXNativeTarget section */

/* Begin PBXProject section */
		5407C38229DD5FE90025A449 /* Project object */ = {
			isa = PBXProject;
			attributes = {
				BuildIndependentTargetsInParallel = 1;
				LastSwiftUpdateCheck = 1420;
				LastUpgradeCheck = 1420;
				TargetAttributes = {
					5407C38929DD5FE90025A449 = {
						CreatedOnToolsVersion = 14.2;
					};
				};
			};
			buildConfigurationList = 5407C38529DD5FE90025A449 /* Build configuration list for PBXProject "iDresser" */;
			compatibilityVersion = "Xcode 14.0";
			developmentRegion = en;
			hasScannedForEncodings = 0;
			knownRegions = (
				en,
				Base,
			);
			mainGroup = 5407C38129DD5FE90025A449;
			productRefGroup = 5407C38B29DD5FE90025A449 /* Products */;
			projectDirPath = "";
			projectRoot = "";
			targets = (
				5407C38929DD5FE90025A449 /* iDresser */,
			);
		};
/* End PBXProject section */

/* Begin PBXResourcesBuildPhase section */
		5407C38829DD5FE90025A449 /* Resources */ = {
			isa = PBXResourcesBuildPhase;
			buildActionMask = 2147483647;
			files = (
				546A9DF42A00155900B2D9E4 /* outfits.json in Resources */,
				54E6FBF829FC5097004E95F3 /* Launch Screen.storyboard in Resources */,
				5407C39529DD5FE90025A449 /* Preview Assets.xcassets in Resources */,
				546A9DF12A00144B00B2D9E4 /* outfits 2.json in Resources */,
				54E6FBFA29FC528F004E95F3 /* Assets.xcassets in Resources */,
			);
			runOnlyForDeploymentPostprocessing = 0;
		};
/* End PBXResourcesBuildPhase section */

/* Begin PBXSourcesBuildPhase section */
		5407C38629DD5FE90025A449 /* Sources */ = {
			isa = PBXSourcesBuildPhase;
			buildActionMask = 2147483647;
			files = (
				5407C3AF29DD607A0025A449 /* ClothTypeView.swift in Sources */,
				5407C3B329DD607A0025A449 /* AddClothView.swift in Sources */,
				54E6FBEF29FBBC4D004E95F3 /* Outfit+CoreDataClass.swift in Sources */,
				542CDF7C29DF3A1300A55B6B /* ClothPropertiesSection.swift in Sources */,
				5407C3BB29DD607A0025A449 /* iDresser.xcdatamodeld in Sources */,
				5407C3B429DD607A0025A449 /* EditClothView.swift in Sources */,
				54E6FBEC29FBB99D004E95F3 /* OutfitHistoryView.swift in Sources */,
				54E6FBF029FBBC4D004E95F3 /* Outfit+CoreDataProperties.swift in Sources */,
				546A9DF72A01513700B2D9E4 /* NotificationManager.swift in Sources */,
				5407C3AC29DD607A0025A449 /* GlobalEnvironment.swift in Sources */,
				5407C3BA29DD607A0025A449 /* EachCloth.swift in Sources */,
				5407C3B029DD607A0025A449 /* ImagePicker.swift in Sources */,
				5407C3AE29DD607A0025A449 /* ContentView.swift in Sources */,
				542CDF7129DF2D4500A55B6B /* ColorClassifier.mlmodel in Sources */,
				542CDF7629DF391D00A55B6B /* ClothImageSection.swift in Sources */,
				54E6FBF229FBBD80004E95F3 /* OutfitManager.swift in Sources */,
				5407C3B829DD607A0025A449 /* SearchBar.swift in Sources */,
				54CA849029E03FA50006F2A9 /* LocationManager.swift in Sources */,
				54CA849329E042FF0006F2A9 /* NetworkService.swift in Sources */,
				5407C3B129DD607A0025A449 /* Cloth+CoreDataClass.swift in Sources */,
				5407C3BD29DD61F10025A449 /* PersistentController.swift in Sources */,
				5407C3B729DD607A0025A449 /* VisionClassifier.swift in Sources */,
				54E6FBE829FA86FF004E95F3 /* OutfitRecommenderView.swift in Sources */,
				5407C3B529DD607A0025A449 /* InCategoryView.swift in Sources */,
				54CA848D29E03DCD0006F2A9 /* WeatherForecast.swift in Sources */,
				54E6FBF629FBD338004E95F3 /* WardrobeView.swift in Sources */,
				5407C3B229DD607A0025A449 /* Cloth+CoreDataProperties.swift in Sources */,
				5407C3B629DD607A0025A449 /* CategoryRow.swift in Sources */,
				5407C38E29DD5FE90025A449 /* iDresserApp.swift in Sources */,
				542CDF6C29DF1B1B00A55B6B /* ClothingClassifier.mlmodel in Sources */,
				5491EEB829E04CAA00BBAC75 /* ClothingRecommender.swift in Sources */,
				546A9DEF2A00106C00B2D9E4 /* ModelTrainer.swift in Sources */,
				54E6FBEA29FAD327004E95F3 /* OutfitRecommender.mlmodel in Sources */,
				542CDF7A29DF397400A55B6B /* ClothSaveSection.swift in Sources */,
				542CDF7329DF374300A55B6B /* ClothUtility.swift in Sources */,
				54E6FBF429FBBFAC004E95F3 /* OutfitView.swift in Sources */,
			);
			runOnlyForDeploymentPostprocessing = 0;
		};
/* End PBXSourcesBuildPhase section */

/* Begin XCBuildConfiguration section */
		5407C39629DD5FE90025A449 /* Debug */ = {
			isa = XCBuildConfiguration;
			buildSettings = {
				ALWAYS_SEARCH_USER_PATHS = NO;
				CLANG_ANALYZER_NONNULL = YES;
				CLANG_ANALYZER_NUMBER_OBJECT_CONVERSION = YES_AGGRESSIVE;
				CLANG_CXX_LANGUAGE_STANDARD = "gnu++20";
				CLANG_ENABLE_MODULES = YES;
				CLANG_ENABLE_OBJC_ARC = YES;
				CLANG_ENABLE_OBJC_WEAK = YES;
				CLANG_WARN_BLOCK_CAPTURE_AUTORELEASING = YES;
				CLANG_WARN_BOOL_CONVERSION = YES;
				CLANG_WARN_COMMA = YES;
				CLANG_WARN_CONSTANT_CONVERSION = YES;
				CLANG_WARN_DEPRECATED_OBJC_IMPLEMENTATIONS = YES;
				CLANG_WARN_DIRECT_OBJC_ISA_USAGE = YES_ERROR;
				CLANG_WARN_DOCUMENTATION_COMMENTS = YES;
				CLANG_WARN_EMPTY_BODY = YES;
				CLANG_WARN_ENUM_CONVERSION = YES;
				CLANG_WARN_INFINITE_RECURSION = YES;
				CLANG_WARN_INT_CONVERSION = YES;
				CLANG_WARN_NON_LITERAL_NULL_CONVERSION = YES;
				CLANG_WARN_OBJC_IMPLICIT_RETAIN_SELF = YES;
				CLANG_WARN_OBJC_LITERAL_CONVERSION = YES;
				CLANG_WARN_OBJC_ROOT_CLASS = YES_ERROR;
				CLANG_WARN_QUOTED_INCLUDE_IN_FRAMEWORK_HEADER = YES;
				CLANG_WARN_RANGE_LOOP_ANALYSIS = YES;
				CLANG_WARN_STRICT_PROTOTYPES = YES;
				CLANG_WARN_SUSPICIOUS_MOVE = YES;
				CLANG_WARN_UNGUARDED_AVAILABILITY = YES_AGGRESSIVE;
				CLANG_WARN_UNREACHABLE_CODE = YES;
				CLANG_WARN__DUPLICATE_METHOD_MATCH = YES;
				COPY_PHASE_STRIP = NO;
				DEBUG_INFORMATION_FORMAT = dwarf;
				ENABLE_STRICT_OBJC_MSGSEND = YES;
				ENABLE_TESTABILITY = YES;
				GCC_C_LANGUAGE_STANDARD = gnu11;
				GCC_DYNAMIC_NO_PIC = NO;
				GCC_NO_COMMON_BLOCKS = YES;
				GCC_OPTIMIZATION_LEVEL = 0;
				GCC_PREPROCESSOR_DEFINITIONS = (
					"DEBUG=1",
					"$(inherited)",
				);
				GCC_WARN_64_TO_32_BIT_CONVERSION = YES;
				GCC_WARN_ABOUT_RETURN_TYPE = YES_ERROR;
				GCC_WARN_UNDECLARED_SELECTOR = YES;
				GCC_WARN_UNINITIALIZED_AUTOS = YES_AGGRESSIVE;
				GCC_WARN_UNUSED_FUNCTION = YES;
				GCC_WARN_UNUSED_VARIABLE = YES;
				IPHONEOS_DEPLOYMENT_TARGET = 16.2;
				MTL_ENABLE_DEBUG_INFO = INCLUDE_SOURCE;
				MTL_FAST_MATH = YES;
				ONLY_ACTIVE_ARCH = YES;
				SDKROOT = iphoneos;
				SWIFT_ACTIVE_COMPILATION_CONDITIONS = DEBUG;
				SWIFT_OPTIMIZATION_LEVEL = "-Onone";
			};
			name = Debug;
		};
		5407C39729DD5FE90025A449 /* Release */ = {
			isa = XCBuildConfiguration;
			buildSettings = {
				ALWAYS_SEARCH_USER_PATHS = NO;
				CLANG_ANALYZER_NONNULL = YES;
				CLANG_ANALYZER_NUMBER_OBJECT_CONVERSION = YES_AGGRESSIVE;
				CLANG_CXX_LANGUAGE_STANDARD = "gnu++20";
				CLANG_ENABLE_MODULES = YES;
				CLANG_ENABLE_OBJC_ARC = YES;
				CLANG_ENABLE_OBJC_WEAK = YES;
				CLANG_WARN_BLOCK_CAPTURE_AUTORELEASING = YES;
				CLANG_WARN_BOOL_CONVERSION = YES;
				CLANG_WARN_COMMA = YES;
				CLANG_WARN_CONSTANT_CONVERSION = YES;
				CLANG_WARN_DEPRECATED_OBJC_IMPLEMENTATIONS = YES;
				CLANG_WARN_DIRECT_OBJC_ISA_USAGE = YES_ERROR;
				CLANG_WARN_DOCUMENTATION_COMMENTS = YES;
				CLANG_WARN_EMPTY_BODY = YES;
				CLANG_WARN_ENUM_CONVERSION = YES;
				CLANG_WARN_INFINITE_RECURSION = YES;
				CLANG_WARN_INT_CONVERSION = YES;
				CLANG_WARN_NON_LITERAL_NULL_CONVERSION = YES;
				CLANG_WARN_OBJC_IMPLICIT_RETAIN_SELF = YES;
				CLANG_WARN_OBJC_LITERAL_CONVERSION = YES;
				CLANG_WARN_OBJC_ROOT_CLASS = YES_ERROR;
				CLANG_WARN_QUOTED_INCLUDE_IN_FRAMEWORK_HEADER = YES;
				CLANG_WARN_RANGE_LOOP_ANALYSIS = YES;
				CLANG_WARN_STRICT_PROTOTYPES = YES;
				CLANG_WARN_SUSPICIOUS_MOVE = YES;
				CLANG_WARN_UNGUARDED_AVAILABILITY = YES_AGGRESSIVE;
				CLANG_WARN_UNREACHABLE_CODE = YES;
				CLANG_WARN__DUPLICATE_METHOD_MATCH = YES;
				COPY_PHASE_STRIP = NO;
				DEBUG_INFORMATION_FORMAT = "dwarf-with-dsym";
				ENABLE_NS_ASSERTIONS = NO;
				ENABLE_STRICT_OBJC_MSGSEND = YES;
				GCC_C_LANGUAGE_STANDARD = gnu11;
				GCC_NO_COMMON_BLOCKS = YES;
				GCC_WARN_64_TO_32_BIT_CONVERSION = YES;
				GCC_WARN_ABOUT_RETURN_TYPE = YES_ERROR;
				GCC_WARN_UNDECLARED_SELECTOR = YES;
				GCC_WARN_UNINITIALIZED_AUTOS = YES_AGGRESSIVE;
				GCC_WARN_UNUSED_FUNCTION = YES;
				GCC_WARN_UNUSED_VARIABLE = YES;
				IPHONEOS_DEPLOYMENT_TARGET = 16.2;
				MTL_ENABLE_DEBUG_INFO = NO;
				MTL_FAST_MATH = YES;
				SDKROOT = iphoneos;
				SWIFT_COMPILATION_MODE = wholemodule;
				SWIFT_OPTIMIZATION_LEVEL = "-O";
				VALIDATE_PRODUCT = YES;
			};
			name = Release;
		};
		5407C39929DD5FE90025A449 /* Debug */ = {
			isa = XCBuildConfiguration;
			buildSettings = {
				ASSETCATALOG_COMPILER_APPICON_NAME = AppIcon;
				ASSETCATALOG_COMPILER_GLOBAL_ACCENT_COLOR_NAME = AccentColor;
				CODE_SIGN_STYLE = Automatic;
				CURRENT_PROJECT_VERSION = 1;
				DEVELOPMENT_ASSET_PATHS = "\"iDresser/Preview Content\"";
				DEVELOPMENT_TEAM = VNU8KKW4GG;
				ENABLE_PREVIEWS = YES;
				GENERATE_INFOPLIST_FILE = YES;
				INFOPLIST_FILE = iDresser/Info.plist;
				INFOPLIST_KEY_NSLocationWhenInUseUsageDescription = "Your location is need for the daily outfit recommendation.";
				INFOPLIST_KEY_UIApplicationSceneManifest_Generation = YES;
				INFOPLIST_KEY_UIApplicationSupportsIndirectInputEvents = YES;
				INFOPLIST_KEY_UILaunchScreen_Generation = YES;
				INFOPLIST_KEY_UILaunchStoryboardName = "Launch Screen";
				INFOPLIST_KEY_UISupportedInterfaceOrientations_iPad = "UIInterfaceOrientationPortrait UIInterfaceOrientationPortraitUpsideDown UIInterfaceOrientationLandscapeLeft UIInterfaceOrientationLandscapeRight";
				INFOPLIST_KEY_UISupportedInterfaceOrientations_iPhone = "UIInterfaceOrientationPortrait UIInterfaceOrientationLandscapeLeft UIInterfaceOrientationLandscapeRight";
				IPHONEOS_DEPLOYMENT_TARGET = 16.0;
				LD_RUNPATH_SEARCH_PATHS = (
					"$(inherited)",
					"@executable_path/Frameworks",
				);
				MARKETING_VERSION = 1.0;
				PRODUCT_BUNDLE_IDENTIFIER = ua.edu.ukma.iDresser;
				PRODUCT_NAME = "$(TARGET_NAME)";
				SWIFT_EMIT_LOC_STRINGS = YES;
				SWIFT_VERSION = 5.0;
				TARGETED_DEVICE_FAMILY = "1,2";
			};
			name = Debug;
		};
		5407C39A29DD5FE90025A449 /* Release */ = {
			isa = XCBuildConfiguration;
			buildSettings = {
				ASSETCATALOG_COMPILER_APPICON_NAME = AppIcon;
				ASSETCATALOG_COMPILER_GLOBAL_ACCENT_COLOR_NAME = AccentColor;
				CODE_SIGN_STYLE = Automatic;
				CURRENT_PROJECT_VERSION = 1;
				DEVELOPMENT_ASSET_PATHS = "\"iDresser/Preview Content\"";
				DEVELOPMENT_TEAM = VNU8KKW4GG;
				ENABLE_PREVIEWS = YES;
				GENERATE_INFOPLIST_FILE = YES;
				INFOPLIST_FILE = iDresser/Info.plist;
				INFOPLIST_KEY_NSLocationWhenInUseUsageDescription = "Your location is need for the daily outfit recommendation.";
				INFOPLIST_KEY_UIApplicationSceneManifest_Generation = YES;
				INFOPLIST_KEY_UIApplicationSupportsIndirectInputEvents = YES;
				INFOPLIST_KEY_UILaunchScreen_Generation = YES;
				INFOPLIST_KEY_UILaunchStoryboardName = "Launch Screen";
				INFOPLIST_KEY_UISupportedInterfaceOrientations_iPad = "UIInterfaceOrientationPortrait UIInterfaceOrientationPortraitUpsideDown UIInterfaceOrientationLandscapeLeft UIInterfaceOrientationLandscapeRight";
				INFOPLIST_KEY_UISupportedInterfaceOrientations_iPhone = "UIInterfaceOrientationPortrait UIInterfaceOrientationLandscapeLeft UIInterfaceOrientationLandscapeRight";
				IPHONEOS_DEPLOYMENT_TARGET = 16.0;
				LD_RUNPATH_SEARCH_PATHS = (
					"$(inherited)",
					"@executable_path/Frameworks",
				);
				MARKETING_VERSION = 1.0;
				PRODUCT_BUNDLE_IDENTIFIER = ua.edu.ukma.iDresser;
				PRODUCT_NAME = "$(TARGET_NAME)";
				SWIFT_EMIT_LOC_STRINGS = YES;
				SWIFT_VERSION = 5.0;
				TARGETED_DEVICE_FAMILY = "1,2";
			};
			name = Release;
		};
/* End XCBuildConfiguration section */

/* Begin XCConfigurationList section */
		5407C38529DD5FE90025A449 /* Build configuration list for PBXProject "iDresser" */ = {
			isa = XCConfigurationList;
			buildConfigurations = (
				5407C39629DD5FE90025A449 /* Debug */,
				5407C39729DD5FE90025A449 /* Release */,
			);
			defaultConfigurationIsVisible = 0;
			defaultConfigurationName = Release;
		};
		5407C39829DD5FE90025A449 /* Build configuration list for PBXNativeTarget "iDresser" */ = {
			isa = XCConfigurationList;
			buildConfigurations = (
				5407C39929DD5FE90025A449 /* Debug */,
				5407C39A29DD5FE90025A449 /* Release */,
			);
			defaultConfigurationIsVisible = 0;
			defaultConfigurationName = Release;
		};
/* End XCConfigurationList section */

/* Begin XCVersionGroup section */
		5407C3AA29DD607A0025A449 /* iDresser.xcdatamodeld */ = {
			isa = XCVersionGroup;
			children = (
				5407C3AB29DD607A0025A449 /* iDresser.xcdatamodel */,
			);
			currentVersion = 5407C3AB29DD607A0025A449 /* iDresser.xcdatamodel */;
			path = iDresser.xcdatamodeld;
			sourceTree = "<group>";
			versionGroupType = wrapper.xcdatamodel;
		};
/* End XCVersionGroup section */
	};
	rootObject = 5407C38229DD5FE90025A449 /* Project object */;
}
